
Microsoft Visual Studio Solution File, Format Version 12.00
# Visual Studio 15
VisualStudioVersion = 15.0.27004.2006
MinimumVisualStudioVersion = 10.0.40219.1
Project("{FAE04EC0-301F-11D3-BF4B-00C04F79EFBC}") = "LicencePlate", "LicencePlate\LicencePlate.csproj", "{B7B4E528-F3A0-426C-9553-9F4ECE2FBD2B}"
EndProject
Global
	GlobalSection(SolutionConfigurationPlatforms) = preSolution
		Debug|Any CPU = Debug|Any CPU
		Release|Any CPU = Release|Any CPU
	EndGlobalSection
	GlobalSection(ProjectConfigurationPlatforms) = postSolution
		{B7B4E528-F3A0-426C-9553-9F4ECE2FBD2B}.Debug|Any CPU.ActiveCfg = Debug|Any CPU
		{B7B4E528-F3A0-426C-9553-9F4ECE2FBD2B}.Debug|Any CPU.Build.0 = Debug|Any CPU
		{B7B4E528-F3A0-426C-9553-9F4ECE2FBD2B}.Release|Any CPU.ActiveCfg = Release|Any CPU
		{B7B4E528-F3A0-426C-9553-9F4ECE2FBD2B}.Release|Any CPU.Build.0 = Release|Any CPU
	EndGlobalSection
	GlobalSection(SolutionProperties) = preSolution
		HideSolutionNode = FALSE
	EndGlobalSection
	GlobalSection(ExtensibilityGlobals) = postSolution
		SolutionGuid = {17A7DA9A-23A4-4B04-B398-B075A6BFAEB7}
	EndGlobalSection
EndGlobal
